// !$*UTF8*$!
{
	archiveVersion = 1;
	classes = {
	};
	objectVersion = 50;
	objects = {

/* Begin PBXBuildFile section */
		871762768345409B2FE0D9F6 /* libPods-RYGuardKitDemo.a in Frameworks */ = {isa = PBXBuildFile; fileRef = C40B405E906486C622A9CF1A /* libPods-RYGuardKitDemo.a */; };
		9BB76205213231120006474B /* AppDelegate.m in Sources */ = {isa = PBXBuildFile; fileRef = 9BB76204213231120006474B /* AppDelegate.m */; };
		9BB76208213231130006474B /* ViewController.m in Sources */ = {isa = PBXBuildFile; fileRef = 9BB76207213231130006474B /* ViewController.m */; };
		9BB7620B213231130006474B /* Main.storyboard in Resources */ = {isa = PBXBuildFile; fileRef = 9BB76209213231130006474B /* Main.storyboard */; };
		9BB7620D213231130006474B /* Assets.xcassets in Resources */ = {isa = PBXBuildFile; fileRef = 9BB7620C213231130006474B /* Assets.xcassets */; };
		9BB76210213231130006474B /* LaunchScreen.storyboard in Resources */ = {isa = PBXBuildFile; fileRef = 9BB7620E213231130006474B /* LaunchScreen.storyboard */; };
		9BB76213213231130006474B /* main.m in Sources */ = {isa = PBXBuildFile; fileRef = 9BB76212213231130006474B /* main.m */; };
		9BB7621D213231130006474B /* RYGuardKitDemoTests.m in Sources */ = {isa = PBXBuildFile; fileRef = 9BB7621C213231130006474B /* RYGuardKitDemoTests.m */; };
		9BB76228213231130006474B /* RYGuardKitDemoUITests.m in Sources */ = {isa = PBXBuildFile; fileRef = 9BB76227213231130006474B /* RYGuardKitDemoUITests.m */; };
		9BB762F62133050F0006474B /* UIImageView+RYKit.m in Sources */ = {isa = PBXBuildFile; fileRef = 9BB762DA2133050F0006474B /* UIImageView+RYKit.m */; };
		9BB762F72133050F0006474B /* UITableView+RYKit.m in Sources */ = {isa = PBXBuildFile; fileRef = 9BB762DC2133050F0006474B /* UITableView+RYKit.m */; };
		9BB762F82133050F0006474B /* UIView+RYKit.m in Sources */ = {isa = PBXBuildFile; fileRef = 9BB762DD2133050F0006474B /* UIView+RYKit.m */; };
		9BB762F92133050F0006474B /* UILabel+RYKit.m in Sources */ = {isa = PBXBuildFile; fileRef = 9BB762DF2133050F0006474B /* UILabel+RYKit.m */; };
		9BB762FA2133050F0006474B /* UIColor+RYKit.m in Sources */ = {isa = PBXBuildFile; fileRef = 9BB762E02133050F0006474B /* UIColor+RYKit.m */; };
		9BB762FB2133050F0006474B /* UITableViewCell+RYKit.m in Sources */ = {isa = PBXBuildFile; fileRef = 9BB762E22133050F0006474B /* UITableViewCell+RYKit.m */; };
		9BB762FC2133050F0006474B /* UIButton+RYKit.m in Sources */ = {isa = PBXBuildFile; fileRef = 9BB762E52133050F0006474B /* UIButton+RYKit.m */; };
		9BB762FD2133050F0006474B /* RYConstants.m in Sources */ = {isa = PBXBuildFile; fileRef = 9BB762EA2133050F0006474B /* RYConstants.m */; };
		9BB762FE2133050F0006474B /* RYKit.bundle in Resources */ = {isa = PBXBuildFile; fileRef = 9BB762EC2133050F0006474B /* RYKit.bundle */; };
		9BB762FF2133050F0006474B /* HeaderModel.m in Sources */ = {isa = PBXBuildFile; fileRef = 9BB762EE2133050F0006474B /* HeaderModel.m */; };
		9BB763002133050F0006474B /* RYNetWorkHelper.m in Sources */ = {isa = PBXBuildFile; fileRef = 9BB762F12133050F0006474B /* RYNetWorkHelper.m */; };
		9BB763012133050F0006474B /* RYNetStateView.m in Sources */ = {isa = PBXBuildFile; fileRef = 9BB762F42133050F0006474B /* RYNetStateView.m */; };
/* End PBXBuildFile section */

/* Begin PBXContainerItemProxy section */
		9BB76219213231130006474B /* PBXContainerItemProxy */ = {
			isa = PBXContainerItemProxy;
			containerPortal = 9BB761F8213231120006474B /* Project object */;
			proxyType = 1;
			remoteGlobalIDString = 9BB761FF213231120006474B;
			remoteInfo = RYGuardKitDemo;
		};
		9BB76224213231130006474B /* PBXContainerItemProxy */ = {
			isa = PBXContainerItemProxy;
			containerPortal = 9BB761F8213231120006474B /* Project object */;
			proxyType = 1;
			remoteGlobalIDString = 9BB761FF213231120006474B;
			remoteInfo = RYGuardKitDemo;
		};
/* End PBXContainerItemProxy section */

/* Begin PBXFileReference section */
		9BB76200213231120006474B /* RYGuardKitDemo.app */ = {isa = PBXFileReference; explicitFileType = wrapper.application; includeInIndex = 0; path = RYGuardKitDemo.app; sourceTree = BUILT_PRODUCTS_DIR; };
		9BB76203213231120006474B /* AppDelegate.h */ = {isa = PBXFileReference; lastKnownFileType = sourcecode.c.h; path = AppDelegate.h; sourceTree = "<group>"; };
		9BB76204213231120006474B /* AppDelegate.m */ = {isa = PBXFileReference; lastKnownFileType = sourcecode.c.objc; path = AppDelegate.m; sourceTree = "<group>"; };
		9BB76206213231120006474B /* ViewController.h */ = {isa = PBXFileReference; lastKnownFileType = sourcecode.c.h; path = ViewController.h; sourceTree = "<group>"; };
		9BB76207213231130006474B /* ViewController.m */ = {isa = PBXFileReference; lastKnownFileType = sourcecode.c.objc; path = ViewController.m; sourceTree = "<group>"; };
		9BB7620A213231130006474B /* Base */ = {isa = PBXFileReference; lastKnownFileType = file.storyboard; name = Base; path = Base.lproj/Main.storyboard; sourceTree = "<group>"; };
		9BB7620C213231130006474B /* Assets.xcassets */ = {isa = PBXFileReference; lastKnownFileType = folder.assetcatalog; path = Assets.xcassets; sourceTree = "<group>"; };
		9BB7620F213231130006474B /* Base */ = {isa = PBXFileReference; lastKnownFileType = file.storyboard; name = Base; path = Base.lproj/LaunchScreen.storyboard; sourceTree = "<group>"; };
		9BB76211213231130006474B /* Info.plist */ = {isa = PBXFileReference; lastKnownFileType = text.plist.xml; path = Info.plist; sourceTree = "<group>"; };
		9BB76212213231130006474B /* main.m */ = {isa = PBXFileReference; lastKnownFileType = sourcecode.c.objc; path = main.m; sourceTree = "<group>"; };
		9BB76218213231130006474B /* RYGuardKitDemoTests.xctest */ = {isa = PBXFileReference; explicitFileType = wrapper.cfbundle; includeInIndex = 0; path = RYGuardKitDemoTests.xctest; sourceTree = BUILT_PRODUCTS_DIR; };
		9BB7621C213231130006474B /* RYGuardKitDemoTests.m */ = {isa = PBXFileReference; lastKnownFileType = sourcecode.c.objc; path = RYGuardKitDemoTests.m; sourceTree = "<group>"; };
		9BB7621E213231130006474B /* Info.plist */ = {isa = PBXFileReference; lastKnownFileType = text.plist.xml; path = Info.plist; sourceTree = "<group>"; };
		9BB76223213231130006474B /* RYGuardKitDemoUITests.xctest */ = {isa = PBXFileReference; explicitFileType = wrapper.cfbundle; includeInIndex = 0; path = RYGuardKitDemoUITests.xctest; sourceTree = BUILT_PRODUCTS_DIR; };
		9BB76227213231130006474B /* RYGuardKitDemoUITests.m */ = {isa = PBXFileReference; lastKnownFileType = sourcecode.c.objc; path = RYGuardKitDemoUITests.m; sourceTree = "<group>"; };
		9BB76229213231130006474B /* Info.plist */ = {isa = PBXFileReference; lastKnownFileType = text.plist.xml; path = Info.plist; sourceTree = "<group>"; };
		9BB762DA2133050F0006474B /* UIImageView+RYKit.m */ = {isa = PBXFileReference; fileEncoding = 4; lastKnownFileType = sourcecode.c.objc; path = "UIImageView+RYKit.m"; sourceTree = "<group>"; };
		9BB762DB2133050F0006474B /* UITableViewCell+RYKit.h */ = {isa = PBXFileReference; fileEncoding = 4; lastKnownFileType = sourcecode.c.h; path = "UITableViewCell+RYKit.h"; sourceTree = "<group>"; };
		9BB762DC2133050F0006474B /* UITableView+RYKit.m */ = {isa = PBXFileReference; fileEncoding = 4; lastKnownFileType = sourcecode.c.objc; path = "UITableView+RYKit.m"; sourceTree = "<group>"; };
		9BB762DD2133050F0006474B /* UIView+RYKit.m */ = {isa = PBXFileReference; fileEncoding = 4; lastKnownFileType = sourcecode.c.objc; path = "UIView+RYKit.m"; sourceTree = "<group>"; };
		9BB762DE2133050F0006474B /* UIButton+RYKit.h */ = {isa = PBXFileReference; fileEncoding = 4; lastKnownFileType = sourcecode.c.h; path = "UIButton+RYKit.h"; sourceTree = "<group>"; };
		9BB762DF2133050F0006474B /* UILabel+RYKit.m */ = {isa = PBXFileReference; fileEncoding = 4; lastKnownFileType = sourcecode.c.objc; path = "UILabel+RYKit.m"; sourceTree = "<group>"; };
		9BB762E02133050F0006474B /* UIColor+RYKit.m */ = {isa = PBXFileReference; fileEncoding = 4; lastKnownFileType = sourcecode.c.objc; path = "UIColor+RYKit.m"; sourceTree = "<group>"; };
		9BB762E12133050F0006474B /* UITableView+RYKit.h */ = {isa = PBXFileReference; fileEncoding = 4; lastKnownFileType = sourcecode.c.h; path = "UITableView+RYKit.h"; sourceTree = "<group>"; };
		9BB762E22133050F0006474B /* UITableViewCell+RYKit.m */ = {isa = PBXFileReference; fileEncoding = 4; lastKnownFileType = sourcecode.c.objc; path = "UITableViewCell+RYKit.m"; sourceTree = "<group>"; };
		9BB762E32133050F0006474B /* UIImageView+RYKit.h */ = {isa = PBXFileReference; fileEncoding = 4; lastKnownFileType = sourcecode.c.h; path = "UIImageView+RYKit.h"; sourceTree = "<group>"; };
		9BB762E42133050F0006474B /* UIView+RYKit.h */ = {isa = PBXFileReference; fileEncoding = 4; lastKnownFileType = sourcecode.c.h; path = "UIView+RYKit.h"; sourceTree = "<group>"; };
		9BB762E52133050F0006474B /* UIButton+RYKit.m */ = {isa = PBXFileReference; fileEncoding = 4; lastKnownFileType = sourcecode.c.objc; path = "UIButton+RYKit.m"; sourceTree = "<group>"; };
		9BB762E62133050F0006474B /* UIColor+RYKit.h */ = {isa = PBXFileReference; fileEncoding = 4; lastKnownFileType = sourcecode.c.h; path = "UIColor+RYKit.h"; sourceTree = "<group>"; };
		9BB762E72133050F0006474B /* UILabel+RYKit.h */ = {isa = PBXFileReference; fileEncoding = 4; lastKnownFileType = sourcecode.c.h; path = "UILabel+RYKit.h"; sourceTree = "<group>"; };
		9BB762E92133050F0006474B /* RYConstants.h */ = {isa = PBXFileReference; fileEncoding = 4; lastKnownFileType = sourcecode.c.h; path = RYConstants.h; sourceTree = "<group>"; };
		9BB762EA2133050F0006474B /* RYConstants.m */ = {isa = PBXFileReference; fileEncoding = 4; lastKnownFileType = sourcecode.c.objc; path = RYConstants.m; sourceTree = "<group>"; };
		9BB762EC2133050F0006474B /* RYKit.bundle */ = {isa = PBXFileReference; lastKnownFileType = "wrapper.plug-in"; path = RYKit.bundle; sourceTree = "<group>"; };
		9BB762EE2133050F0006474B /* HeaderModel.m */ = {isa = PBXFileReference; fileEncoding = 4; lastKnownFileType = sourcecode.c.objc; path = HeaderModel.m; sourceTree = "<group>"; };
		9BB762EF2133050F0006474B /* RYNetWorkHelper.h */ = {isa = PBXFileReference; fileEncoding = 4; lastKnownFileType = sourcecode.c.h; path = RYNetWorkHelper.h; sourceTree = "<group>"; };
		9BB762F02133050F0006474B /* HeaderModel.h */ = {isa = PBXFileReference; fileEncoding = 4; lastKnownFileType = sourcecode.c.h; path = HeaderModel.h; sourceTree = "<group>"; };
		9BB762F12133050F0006474B /* RYNetWorkHelper.m */ = {isa = PBXFileReference; fileEncoding = 4; lastKnownFileType = sourcecode.c.objc; path = RYNetWorkHelper.m; sourceTree = "<group>"; };
		9BB762F22133050F0006474B /* RYKitHear.h */ = {isa = PBXFileReference; fileEncoding = 4; lastKnownFileType = sourcecode.c.h; path = RYKitHear.h; sourceTree = "<group>"; };
		9BB762F42133050F0006474B /* RYNetStateView.m */ = {isa = PBXFileReference; fileEncoding = 4; lastKnownFileType = sourcecode.c.objc; path = RYNetStateView.m; sourceTree = "<group>"; };
		9BB762F52133050F0006474B /* RYNetStateView.h */ = {isa = PBXFileReference; fileEncoding = 4; lastKnownFileType = sourcecode.c.h; path = RYNetStateView.h; sourceTree = "<group>"; };
		B47E92C46301993AD57CD75F /* Pods-RYGuardKitDemo.release.xcconfig */ = {isa = PBXFileReference; includeInIndex = 1; lastKnownFileType = text.xcconfig; name = "Pods-RYGuardKitDemo.release.xcconfig"; path = "Pods/Target Support Files/Pods-RYGuardKitDemo/Pods-RYGuardKitDemo.release.xcconfig"; sourceTree = "<group>"; };
		C40B405E906486C622A9CF1A /* libPods-RYGuardKitDemo.a */ = {isa = PBXFileReference; explicitFileType = archive.ar; includeInIndex = 0; path = "libPods-RYGuardKitDemo.a"; sourceTree = BUILT_PRODUCTS_DIR; };
		CA3A8495D30CE1F11C2B8D95 /* Pods-RYGuardKitDemo.debug.xcconfig */ = {isa = PBXFileReference; includeInIndex = 1; lastKnownFileType = text.xcconfig; name = "Pods-RYGuardKitDemo.debug.xcconfig"; path = "Pods/Target Support Files/Pods-RYGuardKitDemo/Pods-RYGuardKitDemo.debug.xcconfig"; sourceTree = "<group>"; };
/* End PBXFileReference section */

/* Begin PBXFrameworksBuildPhase section */
		9BB761FD213231120006474B /* Frameworks */ = {
			isa = PBXFrameworksBuildPhase;
			buildActionMask = 2147483647;
			files = (
				871762768345409B2FE0D9F6 /* libPods-RYGuardKitDemo.a in Frameworks */,
			);
			runOnlyForDeploymentPostprocessing = 0;
		};
		9BB76215213231130006474B /* Frameworks */ = {
			isa = PBXFrameworksBuildPhase;
			buildActionMask = 2147483647;
			files = (
			);
			runOnlyForDeploymentPostprocessing = 0;
		};
		9BB76220213231130006474B /* Frameworks */ = {
			isa = PBXFrameworksBuildPhase;
			buildActionMask = 2147483647;
			files = (
			);
			runOnlyForDeploymentPostprocessing = 0;
		};
/* End PBXFrameworksBuildPhase section */

/* Begin PBXGroup section */
		3E57C92CD685EE7F8DAC5A3A /* Pods */ = {
			isa = PBXGroup;
			children = (
				CA3A8495D30CE1F11C2B8D95 /* Pods-RYGuardKitDemo.debug.xcconfig */,
				B47E92C46301993AD57CD75F /* Pods-RYGuardKitDemo.release.xcconfig */,
			);
			name = Pods;
			sourceTree = "<group>";
		};
		9BB761F7213231120006474B = {
			isa = PBXGroup;
			children = (
				9BB762D82133050F0006474B /* RYGuardKit */,
				9BB76202213231120006474B /* RYGuardKitDemo */,
				9BB7621B213231130006474B /* RYGuardKitDemoTests */,
				9BB76226213231130006474B /* RYGuardKitDemoUITests */,
				9BB76201213231120006474B /* Products */,
				3E57C92CD685EE7F8DAC5A3A /* Pods */,
				D6DB8E7A1BC48D68D00F783A /* Frameworks */,
			);
			sourceTree = "<group>";
		};
		9BB76201213231120006474B /* Products */ = {
			isa = PBXGroup;
			children = (
				9BB76200213231120006474B /* RYGuardKitDemo.app */,
				9BB76218213231130006474B /* RYGuardKitDemoTests.xctest */,
				9BB76223213231130006474B /* RYGuardKitDemoUITests.xctest */,
			);
			name = Products;
			sourceTree = "<group>";
		};
		9BB76202213231120006474B /* RYGuardKitDemo */ = {
			isa = PBXGroup;
			children = (
				9BB76203213231120006474B /* AppDelegate.h */,
				9BB76204213231120006474B /* AppDelegate.m */,
				9BB76206213231120006474B /* ViewController.h */,
				9BB76207213231130006474B /* ViewController.m */,
				9BB76209213231130006474B /* Main.storyboard */,
				9BB7620C213231130006474B /* Assets.xcassets */,
				9BB7620E213231130006474B /* LaunchScreen.storyboard */,
				9BB76211213231130006474B /* Info.plist */,
				9BB76212213231130006474B /* main.m */,
			);
			path = RYGuardKitDemo;
			sourceTree = "<group>";
		};
		9BB7621B213231130006474B /* RYGuardKitDemoTests */ = {
			isa = PBXGroup;
			children = (
				9BB7621C213231130006474B /* RYGuardKitDemoTests.m */,
				9BB7621E213231130006474B /* Info.plist */,
			);
			path = RYGuardKitDemoTests;
			sourceTree = "<group>";
		};
		9BB76226213231130006474B /* RYGuardKitDemoUITests */ = {
			isa = PBXGroup;
			children = (
				9BB76227213231130006474B /* RYGuardKitDemoUITests.m */,
				9BB76229213231130006474B /* Info.plist */,
			);
			path = RYGuardKitDemoUITests;
			sourceTree = "<group>";
		};
		9BB762D82133050F0006474B /* RYGuardKit */ = {
			isa = PBXGroup;
			children = (
				9BB762D92133050F0006474B /* Category */,
				9BB762E82133050F0006474B /* Config */,
				9BB762EB2133050F0006474B /* Source */,
				9BB762ED2133050F0006474B /* NetWork */,
				9BB762F22133050F0006474B /* RYKitHear.h */,
				9BB762F32133050F0006474B /* Controller */,
			);
			name = RYGuardKit;
			path = ../RYGuardKit;
			sourceTree = "<group>";
		};
		9BB762D92133050F0006474B /* Category */ = {
			isa = PBXGroup;
			children = (
				9BB762DA2133050F0006474B /* UIImageView+RYKit.m */,
				9BB762DB2133050F0006474B /* UITableViewCell+RYKit.h */,
				9BB762DC2133050F0006474B /* UITableView+RYKit.m */,
				9BB762DD2133050F0006474B /* UIView+RYKit.m */,
				9BB762DE2133050F0006474B /* UIButton+RYKit.h */,
				9BB762DF2133050F0006474B /* UILabel+RYKit.m */,
				9BB762E02133050F0006474B /* UIColor+RYKit.m */,
				9BB762E12133050F0006474B /* UITableView+RYKit.h */,
				9BB762E22133050F0006474B /* UITableViewCell+RYKit.m */,
				9BB762E32133050F0006474B /* UIImageView+RYKit.h */,
				9BB762E42133050F0006474B /* UIView+RYKit.h */,
				9BB762E52133050F0006474B /* UIButton+RYKit.m */,
				9BB762E62133050F0006474B /* UIColor+RYKit.h */,
				9BB762E72133050F0006474B /* UILabel+RYKit.h */,
			);
			path = Category;
			sourceTree = "<group>";
		};
		9BB762E82133050F0006474B /* Config */ = {
			isa = PBXGroup;
			children = (
				9BB762E92133050F0006474B /* RYConstants.h */,
				9BB762EA2133050F0006474B /* RYConstants.m */,
			);
			path = Config;
			sourceTree = "<group>";
		};
		9BB762EB2133050F0006474B /* Source */ = {
			isa = PBXGroup;
			children = (
				9BB762EC2133050F0006474B /* RYKit.bundle */,
			);
			path = Source;
			sourceTree = "<group>";
		};
		9BB762ED2133050F0006474B /* NetWork */ = {
			isa = PBXGroup;
			children = (
				9BB762EE2133050F0006474B /* HeaderModel.m */,
				9BB762F02133050F0006474B /* HeaderModel.h */,
				9BB762EF2133050F0006474B /* RYNetWorkHelper.h */,
				9BB762F12133050F0006474B /* RYNetWorkHelper.m */,
			);
			path = NetWork;
			sourceTree = "<group>";
		};
		9BB762F32133050F0006474B /* Controller */ = {
			isa = PBXGroup;
			children = (
				9BB762F42133050F0006474B /* RYNetStateView.m */,
				9BB762F52133050F0006474B /* RYNetStateView.h */,
			);
			path = Controller;
			sourceTree = "<group>";
		};
		D6DB8E7A1BC48D68D00F783A /* Frameworks */ = {
			isa = PBXGroup;
			children = (
				C40B405E906486C622A9CF1A /* libPods-RYGuardKitDemo.a */,
			);
			name = Frameworks;
			sourceTree = "<group>";
		};
/* End PBXGroup section */

/* Begin PBXNativeTarget section */
		9BB761FF213231120006474B /* RYGuardKitDemo */ = {
			isa = PBXNativeTarget;
			buildConfigurationList = 9BB7622C213231130006474B /* Build configuration list for PBXNativeTarget "RYGuardKitDemo" */;
			buildPhases = (
				F9AA6EAB2EE8A3D2D77F4333 /* [CP] Check Pods Manifest.lock */,
				9BB761FC213231120006474B /* Sources */,
				9BB761FD213231120006474B /* Frameworks */,
				9BB761FE213231120006474B /* Resources */,
				31FDA23220D1F28417544998 /* [CP] Embed Pods Frameworks */,
				954EC220F397546A973512F7 /* [CP] Copy Pods Resources */,
			);
			buildRules = (
			);
			dependencies = (
			);
			name = RYGuardKitDemo;
			productName = RYGuardKitDemo;
			productReference = 9BB76200213231120006474B /* RYGuardKitDemo.app */;
			productType = "com.apple.product-type.application";
		};
		9BB76217213231130006474B /* RYGuardKitDemoTests */ = {
			isa = PBXNativeTarget;
			buildConfigurationList = 9BB7622F213231130006474B /* Build configuration list for PBXNativeTarget "RYGuardKitDemoTests" */;
			buildPhases = (
				9BB76214213231130006474B /* Sources */,
				9BB76215213231130006474B /* Frameworks */,
				9BB76216213231130006474B /* Resources */,
			);
			buildRules = (
			);
			dependencies = (
				9BB7621A213231130006474B /* PBXTargetDependency */,
			);
			name = RYGuardKitDemoTests;
			productName = RYGuardKitDemoTests;
			productReference = 9BB76218213231130006474B /* RYGuardKitDemoTests.xctest */;
			productType = "com.apple.product-type.bundle.unit-test";
		};
		9BB76222213231130006474B /* RYGuardKitDemoUITests */ = {
			isa = PBXNativeTarget;
			buildConfigurationList = 9BB76232213231130006474B /* Build configuration list for PBXNativeTarget "RYGuardKitDemoUITests" */;
			buildPhases = (
				9BB7621F213231130006474B /* Sources */,
				9BB76220213231130006474B /* Frameworks */,
				9BB76221213231130006474B /* Resources */,
			);
			buildRules = (
			);
			dependencies = (
				9BB76225213231130006474B /* PBXTargetDependency */,
			);
			name = RYGuardKitDemoUITests;
			productName = RYGuardKitDemoUITests;
			productReference = 9BB76223213231130006474B /* RYGuardKitDemoUITests.xctest */;
			productType = "com.apple.product-type.bundle.ui-testing";
		};
/* End PBXNativeTarget section */

/* Begin PBXProject section */
		9BB761F8213231120006474B /* Project object */ = {
			isa = PBXProject;
			attributes = {
				LastUpgradeCheck = 0940;
				ORGANIZATIONNAME = tutu;
				TargetAttributes = {
					9BB761FF213231120006474B = {
						CreatedOnToolsVersion = 9.4.1;
					};
					9BB76217213231130006474B = {
						CreatedOnToolsVersion = 9.4.1;
						TestTargetID = 9BB761FF213231120006474B;
					};
					9BB76222213231130006474B = {
						CreatedOnToolsVersion = 9.4.1;
						TestTargetID = 9BB761FF213231120006474B;
					};
				};
			};
			buildConfigurationList = 9BB761FB213231120006474B /* Build configuration list for PBXProject "RYGuardKitDemo" */;
			compatibilityVersion = "Xcode 9.3";
			developmentRegion = en;
			hasScannedForEncodings = 0;
			knownRegions = (
				en,
				Base,
			);
			mainGroup = 9BB761F7213231120006474B;
			productRefGroup = 9BB76201213231120006474B /* Products */;
			projectDirPath = "";
			projectRoot = "";
			targets = (
				9BB761FF213231120006474B /* RYGuardKitDemo */,
				9BB76217213231130006474B /* RYGuardKitDemoTests */,
				9BB76222213231130006474B /* RYGuardKitDemoUITests */,
			);
		};
/* End PBXProject section */

/* Begin PBXResourcesBuildPhase section */
		9BB761FE213231120006474B /* Resources */ = {
			isa = PBXResourcesBuildPhase;
			buildActionMask = 2147483647;
			files = (
				9BB76210213231130006474B /* LaunchScreen.storyboard in Resources */,
				9BB7620D213231130006474B /* Assets.xcassets in Resources */,
				9BB7620B213231130006474B /* Main.storyboard in Resources */,
				9BB762FE2133050F0006474B /* RYKit.bundle in Resources */,
			);
			runOnlyForDeploymentPostprocessing = 0;
		};
		9BB76216213231130006474B /* Resources */ = {
			isa = PBXResourcesBuildPhase;
			buildActionMask = 2147483647;
			files = (
			);
			runOnlyForDeploymentPostprocessing = 0;
		};
		9BB76221213231130006474B /* Resources */ = {
			isa = PBXResourcesBuildPhase;
			buildActionMask = 2147483647;
			files = (
			);
			runOnlyForDeploymentPostprocessing = 0;
		};
/* End PBXResourcesBuildPhase section */

/* Begin PBXShellScriptBuildPhase section */
		31FDA23220D1F28417544998 /* [CP] Embed Pods Frameworks */ = {
			isa = PBXShellScriptBuildPhase;
			buildActionMask = 2147483647;
			files = (
			);
			inputPaths = (
			);
			name = "[CP] Embed Pods Frameworks";
			outputPaths = (
			);
			runOnlyForDeploymentPostprocessing = 0;
			shellPath = /bin/sh;
			shellScript = "\"${SRCROOT}/Pods/Target Support Files/Pods-RYGuardKitDemo/Pods-RYGuardKitDemo-frameworks.sh\"\n";
			showEnvVarsInLog = 0;
		};
		954EC220F397546A973512F7 /* [CP] Copy Pods Resources */ = {
			isa = PBXShellScriptBuildPhase;
			buildActionMask = 2147483647;
			files = (
			);
			inputPaths = (
				"${SRCROOT}/Pods/Target Support Files/Pods-RYGuardKitDemo/Pods-RYGuardKitDemo-resources.sh",
				"${PODS_ROOT}/MJRefresh/MJRefresh/MJRefresh.bundle",
			);
			name = "[CP] Copy Pods Resources";
			outputPaths = (
				"${TARGET_BUILD_DIR}/${UNLOCALIZED_RESOURCES_FOLDER_PATH}/MJRefresh.bundle",
			);
			runOnlyForDeploymentPostprocessing = 0;
			shellPath = /bin/sh;
			shellScript = "\"${SRCROOT}/Pods/Target Support Files/Pods-RYGuardKitDemo/Pods-RYGuardKitDemo-resources.sh\"\n";
			showEnvVarsInLog = 0;
		};
		F9AA6EAB2EE8A3D2D77F4333 /* [CP] Check Pods Manifest.lock */ = {
			isa = PBXShellScriptBuildPhase;
			buildActionMask = 2147483647;
			files = (
			);
			inputPaths = (
				"${PODS_PODFILE_DIR_PATH}/Podfile.lock",
				"${PODS_ROOT}/Manifest.lock",
			);
			name = "[CP] Check Pods Manifest.lock";
			outputPaths = (
				"$(DERIVED_FILE_DIR)/Pods-RYGuardKitDemo-checkManifestLockResult.txt",
			);
			runOnlyForDeploymentPostprocessing = 0;
			shellPath = /bin/sh;
			shellScript = "diff \"${PODS_PODFILE_DIR_PATH}/Podfile.lock\" \"${PODS_ROOT}/Manifest.lock\" > /dev/null\nif [ $? != 0 ] ; then\n    # print error to STDERR\n    echo \"error: The sandbox is not in sync with the Podfile.lock. Run 'pod install' or update your CocoaPods installation.\" >&2\n    exit 1\nfi\n# This output is used by Xcode 'outputs' to avoid re-running this script phase.\necho \"SUCCESS\" > \"${SCRIPT_OUTPUT_FILE_0}\"\n";
			showEnvVarsInLog = 0;
		};
/* End PBXShellScriptBuildPhase section */

/* Begin PBXSourcesBuildPhase section */
		9BB761FC213231120006474B /* Sources */ = {
			isa = PBXSourcesBuildPhase;
			buildActionMask = 2147483647;
			files = (
				9BB762F62133050F0006474B /* UIImageView+RYKit.m in Sources */,
				9BB762F72133050F0006474B /* UITableView+RYKit.m in Sources */,
				9BB763002133050F0006474B /* RYNetWorkHelper.m in Sources */,
				9BB763012133050F0006474B /* RYNetStateView.m in Sources */,
				9BB762FF2133050F0006474B /* HeaderModel.m in Sources */,
				9BB762F92133050F0006474B /* UILabel+RYKit.m in Sources */,
				9BB762FC2133050F0006474B /* UIButton+RYKit.m in Sources */,
				9BB762F82133050F0006474B /* UIView+RYKit.m in Sources */,
				9BB76208213231130006474B /* ViewController.m in Sources */,
				9BB762FA2133050F0006474B /* UIColor+RYKit.m in Sources */,
				9BB76213213231130006474B /* main.m in Sources */,
				9BB762FD2133050F0006474B /* RYConstants.m in Sources */,
				9BB76205213231120006474B /* AppDelegate.m in Sources */,
				9BB762FB2133050F0006474B /* UITableViewCell+RYKit.m in Sources */,
			);
			runOnlyForDeploymentPostprocessing = 0;
		};
		9BB76214213231130006474B /* Sources */ = {
			isa = PBXSourcesBuildPhase;
			buildActionMask = 2147483647;
			files = (
				9BB7621D213231130006474B /* RYGuardKitDemoTests.m in Sources */,
			);
			runOnlyForDeploymentPostprocessing = 0;
		};
		9BB7621F213231130006474B /* Sources */ = {
			isa = PBXSourcesBuildPhase;
			buildActionMask = 2147483647;
			files = (
				9BB76228213231130006474B /* RYGuardKitDemoUITests.m in Sources */,
			);
			runOnlyForDeploymentPostprocessing = 0;
		};
/* End PBXSourcesBuildPhase section */

/* Begin PBXTargetDependency section */
		9BB7621A213231130006474B /* PBXTargetDependency */ = {
			isa = PBXTargetDependency;
			target = 9BB761FF213231120006474B /* RYGuardKitDemo */;
			targetProxy = 9BB76219213231130006474B /* PBXContainerItemProxy */;
		};
		9BB76225213231130006474B /* PBXTargetDependency */ = {
			isa = PBXTargetDependency;
			target = 9BB761FF213231120006474B /* RYGuardKitDemo */;
			targetProxy = 9BB76224213231130006474B /* PBXContainerItemProxy */;
		};
/* End PBXTargetDependency section */

/* Begin PBXVariantGroup section */
		9BB76209213231130006474B /* Main.storyboard */ = {
			isa = PBXVariantGroup;
			children = (
				9BB7620A213231130006474B /* Base */,
			);
			name = Main.storyboard;
			sourceTree = "<group>";
		};
		9BB7620E213231130006474B /* LaunchScreen.storyboard */ = {
			isa = PBXVariantGroup;
			children = (
				9BB7620F213231130006474B /* Base */,
			);
			name = LaunchScreen.storyboard;
			sourceTree = "<group>";
		};
/* End PBXVariantGroup section */

/* Begin XCBuildConfiguration section */
		9BB7622A213231130006474B /* Debug */ = {
			isa = XCBuildConfiguration;
			buildSettings = {
				ALWAYS_SEARCH_USER_PATHS = NO;
				CLANG_ANALYZER_NONNULL = YES;
				CLANG_ANALYZER_NUMBER_OBJECT_CONVERSION = YES_AGGRESSIVE;
				CLANG_CXX_LANGUAGE_STANDARD = "gnu++14";
				CLANG_CXX_LIBRARY = "libc++";
				CLANG_ENABLE_MODULES = YES;
				CLANG_ENABLE_OBJC_ARC = YES;
				CLANG_ENABLE_OBJC_WEAK = YES;
				CLANG_WARN_BLOCK_CAPTURE_AUTORELEASING = YES;
				CLANG_WARN_BOOL_CONVERSION = YES;
				CLANG_WARN_COMMA = YES;
				CLANG_WARN_CONSTANT_CONVERSION = YES;
				CLANG_WARN_DEPRECATED_OBJC_IMPLEMENTATIONS = YES;
				CLANG_WARN_DIRECT_OBJC_ISA_USAGE = YES_ERROR;
				CLANG_WARN_DOCUMENTATION_COMMENTS = YES;
				CLANG_WARN_EMPTY_BODY = YES;
				CLANG_WARN_ENUM_CONVERSION = YES;
				CLANG_WARN_INFINITE_RECURSION = YES;
				CLANG_WARN_INT_CONVERSION = YES;
				CLANG_WARN_NON_LITERAL_NULL_CONVERSION = YES;
				CLANG_WARN_OBJC_IMPLICIT_RETAIN_SELF = YES;
				CLANG_WARN_OBJC_LITERAL_CONVERSION = YES;
				CLANG_WARN_OBJC_ROOT_CLASS = YES_ERROR;
				CLANG_WARN_RANGE_LOOP_ANALYSIS = YES;
				CLANG_WARN_STRICT_PROTOTYPES = YES;
				CLANG_WARN_SUSPICIOUS_MOVE = YES;
				CLANG_WARN_UNGUARDED_AVAILABILITY = YES_AGGRESSIVE;
				CLANG_WARN_UNREACHABLE_CODE = YES;
				CLANG_WARN__DUPLICATE_METHOD_MATCH = YES;
				CODE_SIGN_IDENTITY = "iPhone Developer";
				COPY_PHASE_STRIP = NO;
				DEBUG_INFORMATION_FORMAT = dwarf;
				ENABLE_STRICT_OBJC_MSGSEND = YES;
				ENABLE_TESTABILITY = YES;
				GCC_C_LANGUAGE_STANDARD = gnu11;
				GCC_DYNAMIC_NO_PIC = NO;
				GCC_NO_COMMON_BLOCKS = YES;
				GCC_OPTIMIZATION_LEVEL = 0;
				GCC_PREPROCESSOR_DEFINITIONS = (
					"DEBUG=1",
					"$(inherited)",
				);
				GCC_WARN_64_TO_32_BIT_CONVERSION = YES;
				GCC_WARN_ABOUT_RETURN_TYPE = YES_ERROR;
				GCC_WARN_UNDECLARED_SELECTOR = YES;
				GCC_WARN_UNINITIALIZED_AUTOS = YES_AGGRESSIVE;
				GCC_WARN_UNUSED_FUNCTION = YES;
				GCC_WARN_UNUSED_VARIABLE = YES;
				IPHONEOS_DEPLOYMENT_TARGET = 11.4;
				MTL_ENABLE_DEBUG_INFO = YES;
				ONLY_ACTIVE_ARCH = YES;
				SDKROOT = iphoneos;
			};
			name = Debug;
		};
		9BB7622B213231130006474B /* Release */ = {
			isa = XCBuildConfiguration;
			buildSettings = {
				ALWAYS_SEARCH_USER_PATHS = NO;
				CLANG_ANALYZER_NONNULL = YES;
				CLANG_ANALYZER_NUMBER_OBJECT_CONVERSION = YES_AGGRESSIVE;
				CLANG_CXX_LANGUAGE_STANDARD = "gnu++14";
				CLANG_CXX_LIBRARY = "libc++";
				CLANG_ENABLE_MODULES = YES;
				CLANG_ENABLE_OBJC_ARC = YES;
				CLANG_ENABLE_OBJC_WEAK = YES;
				CLANG_WARN_BLOCK_CAPTURE_AUTORELEASING = YES;
				CLANG_WARN_BOOL_CONVERSION = YES;
				CLANG_WARN_COMMA = YES;
				CLANG_WARN_CONSTANT_CONVERSION = YES;
				CLANG_WARN_DEPRECATED_OBJC_IMPLEMENTATIONS = YES;
				CLANG_WARN_DIRECT_OBJC_ISA_USAGE = YES_ERROR;
				CLANG_WARN_DOCUMENTATION_COMMENTS = YES;
				CLANG_WARN_EMPTY_BODY = YES;
				CLANG_WARN_ENUM_CONVERSION = YES;
				CLANG_WARN_INFINITE_RECURSION = YES;
				CLANG_WARN_INT_CONVERSION = YES;
				CLANG_WARN_NON_LITERAL_NULL_CONVERSION = YES;
				CLANG_WARN_OBJC_IMPLICIT_RETAIN_SELF = YES;
				CLANG_WARN_OBJC_LITERAL_CONVERSION = YES;
				CLANG_WARN_OBJC_ROOT_CLASS = YES_ERROR;
				CLANG_WARN_RANGE_LOOP_ANALYSIS = YES;
				CLANG_WARN_STRICT_PROTOTYPES = YES;
				CLANG_WARN_SUSPICIOUS_MOVE = YES;
				CLANG_WARN_UNGUARDED_AVAILABILITY = YES_AGGRESSIVE;
				CLANG_WARN_UNREACHABLE_CODE = YES;
				CLANG_WARN__DUPLICATE_METHOD_MATCH = YES;
				CODE_SIGN_IDENTITY = "iPhone Developer";
				COPY_PHASE_STRIP = NO;
				DEBUG_INFORMATION_FORMAT = "dwarf-with-dsym";
				ENABLE_NS_ASSERTIONS = NO;
				ENABLE_STRICT_OBJC_MSGSEND = YES;
				GCC_C_LANGUAGE_STANDARD = gnu11;
				GCC_NO_COMMON_BLOCKS = YES;
				GCC_WARN_64_TO_32_BIT_CONVERSION = YES;
				GCC_WARN_ABOUT_RETURN_TYPE = YES_ERROR;
				GCC_WARN_UNDECLARED_SELECTOR = YES;
				GCC_WARN_UNINITIALIZED_AUTOS = YES_AGGRESSIVE;
				GCC_WARN_UNUSED_FUNCTION = YES;
				GCC_WARN_UNUSED_VARIABLE = YES;
				IPHONEOS_DEPLOYMENT_TARGET = 11.4;
				MTL_ENABLE_DEBUG_INFO = NO;
				SDKROOT = iphoneos;
				VALIDATE_PRODUCT = YES;
			};
			name = Release;
		};
		9BB7622D213231130006474B /* Debug */ = {
			isa = XCBuildConfiguration;
			baseConfigurationReference = CA3A8495D30CE1F11C2B8D95 /* Pods-RYGuardKitDemo.debug.xcconfig */;
			buildSettings = {
				ASSETCATALOG_COMPILER_APPICON_NAME = AppIcon;
				CODE_SIGN_STYLE = Automatic;
				INFOPLIST_FILE = RYGuardKitDemo/Info.plist;
				IPHONEOS_DEPLOYMENT_TARGET = 8.0;
				LD_RUNPATH_SEARCH_PATHS = (
					"$(inherited)",
					"@executable_path/Frameworks",
				);
				PRODUCT_BUNDLE_IDENTIFIER = "runya-lsj.com.RYGuardKitDemo";
				PRODUCT_NAME = "$(TARGET_NAME)";
				TARGETED_DEVICE_FAMILY = 1;
			};
			name = Debug;
		};
		9BB7622E213231130006474B /* Release */ = {
			isa = XCBuildConfiguration;
			baseConfigurationReference = B47E92C46301993AD57CD75F /* Pods-RYGuardKitDemo.release.xcconfig */;
			buildSettings = {
				ASSETCATALOG_COMPILER_APPICON_NAME = AppIcon;
				CODE_SIGN_STYLE = Automatic;
				INFOPLIST_FILE = RYGuardKitDemo/Info.plist;
				IPHONEOS_DEPLOYMENT_TARGET = 8.0;
				LD_RUNPATH_SEARCH_PATHS = (
					"$(inherited)",
					"@executable_path/Frameworks",
				);
				PRODUCT_BUNDLE_IDENTIFIER = "runya-lsj.com.RYGuardKitDemo";
				PRODUCT_NAME = "$(TARGET_NAME)";
				TARGETED_DEVICE_FAMILY = 1;
			};
			name = Release;
		};
		9BB76230213231130006474B /* Debug */ = {
			isa = XCBuildConfiguration;
			buildSettings = {
				BUNDLE_LOADER = "$(TEST_HOST)";
				CODE_SIGN_STYLE = Automatic;
				INFOPLIST_FILE = RYGuardKitDemoTests/Info.plist;
				LD_RUNPATH_SEARCH_PATHS = (
					"$(inherited)",
					"@executable_path/Frameworks",
					"@loader_path/Frameworks",
				);
				PRODUCT_BUNDLE_IDENTIFIER = "runya-lsj.com.RYGuardKitDemoTests";
				PRODUCT_NAME = "$(TARGET_NAME)";
				TARGETED_DEVICE_FAMILY = "1,2";
				TEST_HOST = "$(BUILT_PRODUCTS_DIR)/RYGuardKitDemo.app/RYGuardKitDemo";
			};
			name = Debug;
		};
		9BB76231213231130006474B /* Release */ = {
			isa = XCBuildConfiguration;
			buildSettings = {
				BUNDLE_LOADER = "$(TEST_HOST)";
				CODE_SIGN_STYLE = Automatic;
				INFOPLIST_FILE = RYGuardKitDemoTests/Info.plist;
				LD_RUNPATH_SEARCH_PATHS = (
					"$(inherited)",
					"@executable_path/Frameworks",
					"@loader_path/Frameworks",
				);
				PRODUCT_BUNDLE_IDENTIFIER = "runya-lsj.com.RYGuardKitDemoTests";
				PRODUCT_NAME = "$(TARGET_NAME)";
				TARGETED_DEVICE_FAMILY = "1,2";
				TEST_HOST = "$(BUILT_PRODUCTS_DIR)/RYGuardKitDemo.app/RYGuardKitDemo";
			};
			name = Release;
		};
		9BB76233213231130006474B /* Debug */ = {
			isa = XCBuildConfiguration;
			buildSettings = {
				CODE_SIGN_STYLE = Automatic;
				INFOPLIST_FILE = RYGuardKitDemoUITests/Info.plist;
				LD_RUNPATH_SEARCH_PATHS = (
					"$(inherited)",
					"@executable_path/Frameworks",
					"@loader_path/Frameworks",
				);
				PRODUCT_BUNDLE_IDENTIFIER = "runya-lsj.com.RYGuardKitDemoUITests";
				PRODUCT_NAME = "$(TARGET_NAME)";
				TARGETED_DEVICE_FAMILY = "1,2";
				TEST_TARGET_NAME = RYGuardKitDemo;
			};
			name = Debug;
		};
		9BB76234213231130006474B /* Release */ = {
			isa = XCBuildConfiguration;
			buildSettings = {
				CODE_SIGN_STYLE = Automatic;
				INFOPLIST_FILE = RYGuardKitDemoUITests/Info.plist;
				LD_RUNPATH_SEARCH_PATHS = (
					"$(inherited)",
					"@executable_path/Frameworks",
					"@loader_path/Frameworks",
				);
				PRODUCT_BUNDLE_IDENTIFIER = "runya-lsj.com.RYGuardKitDemoUITests";
				PRODUCT_NAME = "$(TARGET_NAME)";
				TARGETED_DEVICE_FAMILY = "1,2";
				TEST_TARGET_NAME = RYGuardKitDemo;
			};
			name = Release;
		};
/* End XCBuildConfiguration section */

/* Begin XCConfigurationList section */
		9BB761FB213231120006474B /* Build configuration list for PBXProject "RYGuardKitDemo" */ = {
			isa = XCConfigurationList;
			buildConfigurations = (
				9BB7622A213231130006474B /* Debug */,
				9BB7622B213231130006474B /* Release */,
			);
			defaultConfigurationIsVisible = 0;
			defaultConfigurationName = Release;
		};
		9BB7622C213231130006474B /* Build configuration list for PBXNativeTarget "RYGuardKitDemo" */ = {
			isa = XCConfigurationList;
			buildConfigurations = (
				9BB7622D213231130006474B /* Debug */,
				9BB7622E213231130006474B /* Release */,
			);
			defaultConfigurationIsVisible = 0;
			defaultConfigurationName = Release;
		};
		9BB7622F213231130006474B /* Build configuration list for PBXNativeTarget "RYGuardKitDemoTests" */ = {
			isa = XCConfigurationList;
			buildConfigurations = (
				9BB76230213231130006474B /* Debug */,
				9BB76231213231130006474B /* Release */,
			);
			defaultConfigurationIsVisible = 0;
			defaultConfigurationName = Release;
		};
		9BB76232213231130006474B /* Build configuration list for PBXNativeTarget "RYGuardKitDemoUITests" */ = {
			isa = XCConfigurationList;
			buildConfigurations = (
				9BB76233213231130006474B /* Debug */,
				9BB76234213231130006474B /* Release */,
			);
			defaultConfigurationIsVisible = 0;
			defaultConfigurationName = Release;
		};
/* End XCConfigurationList section */
	};
	rootObject = 9BB761F8213231120006474B /* Project object */;
}
